
Microsoft Visual Studio Solution File, Format Version 12.00
# Visual Studio 2013
VisualStudioVersion = 12.0.21005.1
MinimumVisualStudioVersion = 10.0.40219.1
Project("{FAE04EC0-301F-11D3-BF4B-00C04F79EFBC}") = "SportsStore.Domain", "SportsStore.Domain\SportsStore.Domain.csproj", "{9835C422-D179-47DA-9BB0-2AE7A28CA247}"
EndProject
Project("{FAE04EC0-301F-11D3-BF4B-00C04F79EFBC}") = "SportsStore.WebUI", "SportsStore.WebUI\SportsStore.WebUI.csproj", "{6A05D1DE-17C9-45F2-BF66-70E44CCC8E5C}"
EndProject
Project("{FAE04EC0-301F-11D3-BF4B-00C04F79EFBC}") = "SportsStore.UnitTests", "SportsStore.UnitTests\SportsStore.UnitTests.csproj", "{BF467AA4-7378-4D6A-96A7-B3500A91F5F2}"
EndProject
Global
	GlobalSection(SolutionConfigurationPlatforms) = preSolution
		Debug|Any CPU = Debug|Any CPU
		Release|Any CPU = Release|Any CPU
	EndGlobalSection
	GlobalSection(ProjectConfigurationPlatforms) = postSolution
		{9835C422-D179-47DA-9BB0-2AE7A28CA247}.Debug|Any CPU.ActiveCfg = Debug|Any CPU
		{9835C422-D179-47DA-9BB0-2AE7A28CA247}.Debug|Any CPU.Build.0 = Debug|Any CPU
		{9835C422-D179-47DA-9BB0-2AE7A28CA247}.Release|Any CPU.ActiveCfg = Release|Any CPU
		{9835C422-D179-47DA-9BB0-2AE7A28CA247}.Release|Any CPU.Build.0 = Release|Any CPU
		{6A05D1DE-17C9-45F2-BF66-70E44CCC8E5C}.Debug|Any CPU.ActiveCfg = Debug|Any CPU
		{6A05D1DE-17C9-45F2-BF66-70E44CCC8E5C}.Debug|Any CPU.Build.0 = Debug|Any CPU
		{6A05D1DE-17C9-45F2-BF66-70E44CCC8E5C}.Release|Any CPU.ActiveCfg = Release|Any CPU
		{6A05D1DE-17C9-45F2-BF66-70E44CCC8E5C}.Release|Any CPU.Build.0 = Release|Any CPU
		{BF467AA4-7378-4D6A-96A7-B3500A91F5F2}.Debug|Any CPU.ActiveCfg = Debug|Any CPU
		{BF467AA4-7378-4D6A-96A7-B3500A91F5F2}.Debug|Any CPU.Build.0 = Debug|Any CPU
		{BF467AA4-7378-4D6A-96A7-B3500A91F5F2}.Release|Any CPU.ActiveCfg = Release|Any CPU
		{BF467AA4-7378-4D6A-96A7-B3500A91F5F2}.Release|Any CPU.Build.0 = Release|Any CPU
	EndGlobalSection
	GlobalSection(SolutionProperties) = preSolution
		HideSolutionNode = FALSE
	EndGlobalSection
EndGlobal
